
Microsoft Visual Studio Solution File, Format Version 12.00
# Visual Studio 15
VisualStudioVersion = 15.0.27130.2027
MinimumVisualStudioVersion = 10.0.40219.1
Project("{8BC9CEB8-8B4A-11D0-8D11-00A0C91BC942}") = "pro1008", "pro1008\pro1008.vcxproj", "{F456CD3A-B667-479B-9A29-DE0B3842F5DA}"
EndProject
Global
	GlobalSection(SolutionConfigurationPlatforms) = preSolution
		Debug|x64 = Debug|x64
		Debug|x86 = Debug|x86
		Release|x64 = Release|x64
		Release|x86 = Release|x86
	EndGlobalSection
	GlobalSection(ProjectConfigurationPlatforms) = postSolution
		{F456CD3A-B667-479B-9A29-DE0B3842F5DA}.Debug|x64.ActiveCfg = Debug|x64
		{F456CD3A-B667-479B-9A29-DE0B3842F5DA}.Debug|x64.Build.0 = Debug|x64
		{F456CD3A-B667-479B-9A29-DE0B3842F5DA}.Debug|x86.ActiveCfg = Debug|Win32
		{F456CD3A-B667-479B-9A29-DE0B3842F5DA}.Debug|x86.Build.0 = Debug|Win32
		{F456CD3A-B667-479B-9A29-DE0B3842F5DA}.Release|x64.ActiveCfg = Release|x64
		{F456CD3A-B667-479B-9A29-DE0B3842F5DA}.Release|x64.Build.0 = Release|x64
		{F456CD3A-B667-479B-9A29-DE0B3842F5DA}.Release|x86.ActiveCfg = Release|Win32
		{F456CD3A-B667-479B-9A29-DE0B3842F5DA}.Release|x86.Build.0 = Release|Win32
	EndGlobalSection
	GlobalSection(SolutionProperties) = preSolution
		HideSolutionNode = FALSE
	EndGlobalSection
	GlobalSection(ExtensibilityGlobals) = postSolution
		SolutionGuid = {F40011EC-9432-49F8-9823-F1EA0D138B7D}
	EndGlobalSection
EndGlobal
