
Microsoft Visual Studio Solution File, Format Version 12.00
# Visual Studio 15
VisualStudioVersion = 15.0.27130.2027
MinimumVisualStudioVersion = 10.0.40219.1
Project("{8BC9CEB8-8B4A-11D0-8D11-00A0C91BC942}") = "pro1020", "pro1020\pro1020.vcxproj", "{508BC343-6A93-4984-A292-F2861D8801D1}"
EndProject
Global
	GlobalSection(SolutionConfigurationPlatforms) = preSolution
		Debug|x64 = Debug|x64
		Debug|x86 = Debug|x86
		Release|x64 = Release|x64
		Release|x86 = Release|x86
	EndGlobalSection
	GlobalSection(ProjectConfigurationPlatforms) = postSolution
		{508BC343-6A93-4984-A292-F2861D8801D1}.Debug|x64.ActiveCfg = Debug|x64
		{508BC343-6A93-4984-A292-F2861D8801D1}.Debug|x64.Build.0 = Debug|x64
		{508BC343-6A93-4984-A292-F2861D8801D1}.Debug|x86.ActiveCfg = Debug|Win32
		{508BC343-6A93-4984-A292-F2861D8801D1}.Debug|x86.Build.0 = Debug|Win32
		{508BC343-6A93-4984-A292-F2861D8801D1}.Release|x64.ActiveCfg = Release|x64
		{508BC343-6A93-4984-A292-F2861D8801D1}.Release|x64.Build.0 = Release|x64
		{508BC343-6A93-4984-A292-F2861D8801D1}.Release|x86.ActiveCfg = Release|Win32
		{508BC343-6A93-4984-A292-F2861D8801D1}.Release|x86.Build.0 = Release|Win32
	EndGlobalSection
	GlobalSection(SolutionProperties) = preSolution
		HideSolutionNode = FALSE
	EndGlobalSection
	GlobalSection(ExtensibilityGlobals) = postSolution
		SolutionGuid = {FA36920D-0AAE-490C-AFCD-346432A31368}
	EndGlobalSection
EndGlobal
