
Microsoft Visual Studio Solution File, Format Version 12.00
# Visual Studio 15
VisualStudioVersion = 15.0.27130.2027
MinimumVisualStudioVersion = 10.0.40219.1
Project("{8BC9CEB8-8B4A-11D0-8D11-00A0C91BC942}") = "pro1011", "pro1011\pro1011.vcxproj", "{3D36C822-9F39-41B8-B51A-DE2B0B37324B}"
EndProject
Global
	GlobalSection(SolutionConfigurationPlatforms) = preSolution
		Debug|x64 = Debug|x64
		Debug|x86 = Debug|x86
		Release|x64 = Release|x64
		Release|x86 = Release|x86
	EndGlobalSection
	GlobalSection(ProjectConfigurationPlatforms) = postSolution
		{3D36C822-9F39-41B8-B51A-DE2B0B37324B}.Debug|x64.ActiveCfg = Debug|x64
		{3D36C822-9F39-41B8-B51A-DE2B0B37324B}.Debug|x64.Build.0 = Debug|x64
		{3D36C822-9F39-41B8-B51A-DE2B0B37324B}.Debug|x86.ActiveCfg = Debug|Win32
		{3D36C822-9F39-41B8-B51A-DE2B0B37324B}.Debug|x86.Build.0 = Debug|Win32
		{3D36C822-9F39-41B8-B51A-DE2B0B37324B}.Release|x64.ActiveCfg = Release|x64
		{3D36C822-9F39-41B8-B51A-DE2B0B37324B}.Release|x64.Build.0 = Release|x64
		{3D36C822-9F39-41B8-B51A-DE2B0B37324B}.Release|x86.ActiveCfg = Release|Win32
		{3D36C822-9F39-41B8-B51A-DE2B0B37324B}.Release|x86.Build.0 = Release|Win32
	EndGlobalSection
	GlobalSection(SolutionProperties) = preSolution
		HideSolutionNode = FALSE
	EndGlobalSection
	GlobalSection(ExtensibilityGlobals) = postSolution
		SolutionGuid = {CDCFC8B0-44D8-46F5-A8DE-FB822675207B}
	EndGlobalSection
EndGlobal
